
Microsoft Visual Studio Solution File, Format Version 12.00
# Visual Studio 15
VisualStudioVersion = 15.0.26403.7
MinimumVisualStudioVersion = 10.0.40219.1
Project("{FAE04EC0-301F-11D3-BF4B-00C04F79EFBC}") = "DataStructures", "DataStructures\DataStructures.csproj", "{018B6E1D-53AE-4C1F-B586-76FAA9417036}"
EndProject
Project("{FAE04EC0-301F-11D3-BF4B-00C04F79EFBC}") = "SinglyLinkedListTest", "UnitTests\SinglyLinkedListTest.csproj", "{FCB1D8C2-0A41-49E0-B652-97C642E0B52E}"
EndProject
Project("{FAE04EC0-301F-11D3-BF4B-00C04F79EFBC}") = "DoublyLinkedListTest", "DoublyLinkedListTest\DoublyLinkedListTest.csproj", "{DC9F5331-576F-4BC6-A36C-A43763775FE5}"
EndProject
Global
	GlobalSection(SolutionConfigurationPlatforms) = preSolution
		Debug|Any CPU = Debug|Any CPU
		Release|Any CPU = Release|Any CPU
	EndGlobalSection
	GlobalSection(ProjectConfigurationPlatforms) = postSolution
		{018B6E1D-53AE-4C1F-B586-76FAA9417036}.Debug|Any CPU.ActiveCfg = Debug|Any CPU
		{018B6E1D-53AE-4C1F-B586-76FAA9417036}.Debug|Any CPU.Build.0 = Debug|Any CPU
		{018B6E1D-53AE-4C1F-B586-76FAA9417036}.Release|Any CPU.ActiveCfg = Release|Any CPU
		{018B6E1D-53AE-4C1F-B586-76FAA9417036}.Release|Any CPU.Build.0 = Release|Any CPU
		{FCB1D8C2-0A41-49E0-B652-97C642E0B52E}.Debug|Any CPU.ActiveCfg = Debug|Any CPU
		{FCB1D8C2-0A41-49E0-B652-97C642E0B52E}.Debug|Any CPU.Build.0 = Debug|Any CPU
		{FCB1D8C2-0A41-49E0-B652-97C642E0B52E}.Release|Any CPU.ActiveCfg = Release|Any CPU
		{FCB1D8C2-0A41-49E0-B652-97C642E0B52E}.Release|Any CPU.Build.0 = Release|Any CPU
		{DC9F5331-576F-4BC6-A36C-A43763775FE5}.Debug|Any CPU.ActiveCfg = Debug|Any CPU
		{DC9F5331-576F-4BC6-A36C-A43763775FE5}.Debug|Any CPU.Build.0 = Debug|Any CPU
		{DC9F5331-576F-4BC6-A36C-A43763775FE5}.Release|Any CPU.ActiveCfg = Release|Any CPU
		{DC9F5331-576F-4BC6-A36C-A43763775FE5}.Release|Any CPU.Build.0 = Release|Any CPU
	EndGlobalSection
	GlobalSection(SolutionProperties) = preSolution
		HideSolutionNode = FALSE
	EndGlobalSection
EndGlobal
